{
  "name": "kafka-replay-service",
  "version": "0.0.0",
  "lockfileVersion": 1,
  "requires": true,
  "dependencies": {
    "swagger-ui-express": {
      "version": "2.0.15",
      "resolved": "https://registry.npmjs.org/swagger-ui-express/-/swagger-ui-express-2.0.15.tgz",
      "integrity": "sha1-+6haNXtAwNYp6UJTcZmYe4CFWH0="
    }
  }
}
